
Microsoft Visual Studio Solution File, Format Version 12.00
# Visual Studio Version 17
VisualStudioVersion = 17.5.002.0
MinimumVisualStudioVersion = 10.0.40219.1
Project("{9A19103F-16F7-4668-BE54-9A1E7A4F7556}") = "Chess-Challenge", "Chess-Challenge.csproj", "{F6F22A81-BCC8-48D9-95D1-B6438BBBF0CB}"
EndProject
Global
	GlobalSection(SolutionConfigurationPlatforms) = preSolution
		Debug|Any CPU = Debug|Any CPU
		Release|Any CPU = Release|Any CPU
	EndGlobalSection
	GlobalSection(ProjectConfigurationPlatforms) = postSolution
		{F6F22A81-BCC8-48D9-95D1-B6438BBBF0CB}.Debug|Any CPU.ActiveCfg = Debug|Any CPU
		{F6F22A81-BCC8-48D9-95D1-B6438BBBF0CB}.Debug|Any CPU.Build.0 = Debug|Any CPU
		{F6F22A81-BCC8-48D9-95D1-B6438BBBF0CB}.Release|Any CPU.ActiveCfg = Release|Any CPU
		{F6F22A81-BCC8-48D9-95D1-B6438BBBF0CB}.Release|Any CPU.Build.0 = Release|Any CPU
	EndGlobalSection
	GlobalSection(SolutionProperties) = preSolution
		HideSolutionNode = FALSE
	EndGlobalSection
	GlobalSection(ExtensibilityGlobals) = postSolution
		SolutionGuid = {4E7E341A-91E7-48AA-B7D1-053F01BCD39A}
	EndGlobalSection
EndGlobal
